// !$*UTF8*$!
{
	archiveVersion = 1;
	classes = {
	};
	objectVersion = 56;
	objects = {

/* Begin PBXBuildFile section */
		19BC552C2EAD3ABD0000CBC1 /* FaceAppApp.swift in Sources */ = {isa = PBXBuildFile; fileRef = 19BC552B2EAD3ABD0000CBC1 /* FaceAppApp.swift */; };
		19BC552E2EAD3ABD0000CBC1 /* ContentView.swift in Sources */ = {isa = PBXBuildFile; fileRef = 19BC552D2EAD3ABD0000CBC1 /* ContentView.swift */; };
		19BC55302EAD3AC20000CBC1 /* Assets.xcassets in Resources */ = {isa = PBXBuildFile; fileRef = 19BC552F2EAD3AC20000CBC1 /* Assets.xcassets */; };
		19BC55342EAD3AC20000CBC1 /* Preview Assets.xcassets in Resources */ = {isa = PBXBuildFile; fileRef = 19BC55332EAD3AC20000CBC1 /* Preview Assets.xcassets */; };
		19BC553B2EAD43470000CBC1 /* VideoManager.swift in Sources */ = {isa = PBXBuildFile; fileRef = 19BC553A2EAD43470000CBC1 /* VideoManager.swift */; };
		19BC553D2EAD436D0000CBC1 /* CameraView.swift in Sources */ = {isa = PBXBuildFile; fileRef = 19BC553C2EAD436D0000CBC1 /* CameraView.swift */; };
		19BC553F2EAD437E0000CBC1 /* GalleryView.swift in Sources */ = {isa = PBXBuildFile; fileRef = 19BC553E2EAD437E0000CBC1 /* GalleryView.swift */; };
		19BC55412EAD438D0000CBC1 /* VideoPlayerView.swift in Sources */ = {isa = PBXBuildFile; fileRef = 19BC55402EAD438D0000CBC1 /* VideoPlayerView.swift */; };
		19BC55432EAD54350000CBC1 /* .gitignore in Resources */ = {isa = PBXBuildFile; fileRef = 19BC55422EAD54350000CBC1 /* .gitignore */; };
/* End PBXBuildFile section */

/* Begin PBXFileReference section */
		19BC55282EAD3ABD0000CBC1 /* FaceApp.app */ = {isa = PBXFileReference; explicitFileType = wrapper.application; includeInIndex = 0; path = FaceApp.app; sourceTree = BUILT_PRODUCTS_DIR; };
		19BC552B2EAD3ABD0000CBC1 /* FaceAppApp.swift */ = {isa = PBXFileReference; lastKnownFileType = sourcecode.swift; path = FaceAppApp.swift; sourceTree = "<group>"; };
		19BC552D2EAD3ABD0000CBC1 /* ContentView.swift */ = {isa = PBXFileReference; lastKnownFileType = sourcecode.swift; path = ContentView.swift; sourceTree = "<group>"; };
		19BC552F2EAD3AC20000CBC1 /* Assets.xcassets */ = {isa = PBXFileReference; lastKnownFileType = folder.assetcatalog; path = Assets.xcassets; sourceTree = "<group>"; };
		19BC55312EAD3AC20000CBC1 /* FaceApp.entitlements */ = {isa = PBXFileReference; lastKnownFileType = text.plist.entitlements; path = FaceApp.entitlements; sourceTree = "<group>"; };
		19BC55332EAD3AC20000CBC1 /* Preview Assets.xcassets */ = {isa = PBXFileReference; lastKnownFileType = folder.assetcatalog; path = "Preview Assets.xcassets"; sourceTree = "<group>"; };
		19BC553A2EAD43470000CBC1 /* VideoManager.swift */ = {isa = PBXFileReference; lastKnownFileType = sourcecode.swift; path = VideoManager.swift; sourceTree = "<group>"; };
		19BC553C2EAD436D0000CBC1 /* CameraView.swift */ = {isa = PBXFileReference; lastKnownFileType = sourcecode.swift; path = CameraView.swift; sourceTree = "<group>"; };
		19BC553E2EAD437E0000CBC1 /* GalleryView.swift */ = {isa = PBXFileReference; lastKnownFileType = sourcecode.swift; path = GalleryView.swift; sourceTree = "<group>"; };
		19BC55402EAD438D0000CBC1 /* VideoPlayerView.swift */ = {isa = PBXFileReference; lastKnownFileType = sourcecode.swift; path = VideoPlayerView.swift; sourceTree = "<group>"; };
		19BC55422EAD54350000CBC1 /* .gitignore */ = {isa = PBXFileReference; lastKnownFileType = text; path = .gitignore; sourceTree = "<group>"; };
/* End PBXFileReference section */

/* Begin PBXFrameworksBuildPhase section */
		19BC55252EAD3ABD0000CBC1 /* Frameworks */ = {
			isa = PBXFrameworksBuildPhase;
			buildActionMask = 2147483647;
			files = (
			);
			runOnlyForDeploymentPostprocessing = 0;
		};
/* End PBXFrameworksBuildPhase section */

/* Begin PBXGroup section */
		19BC551F2EAD3ABD0000CBC1 = {
			isa = PBXGroup;
			children = (
				19BC55422EAD54350000CBC1 /* .gitignore */,
				19BC552A2EAD3ABD0000CBC1 /* FaceApp */,
				19BC55292EAD3ABD0000CBC1 /* Products */,
			);
			sourceTree = "<group>";
		};
		19BC55292EAD3ABD0000CBC1 /* Products */ = {
			isa = PBXGroup;
			children = (
				19BC55282EAD3ABD0000CBC1 /* FaceApp.app */,
			);
			name = Products;
			sourceTree = "<group>";
		};
		19BC552A2EAD3ABD0000CBC1 /* FaceApp */ = {
			isa = PBXGroup;
			children = (
				19BC552B2EAD3ABD0000CBC1 /* FaceAppApp.swift */,
				19BC552D2EAD3ABD0000CBC1 /* ContentView.swift */,
				19BC553A2EAD43470000CBC1 /* VideoManager.swift */,
				19BC553C2EAD436D0000CBC1 /* CameraView.swift */,
				19BC553E2EAD437E0000CBC1 /* GalleryView.swift */,
				19BC55402EAD438D0000CBC1 /* VideoPlayerView.swift */,
				19BC552F2EAD3AC20000CBC1 /* Assets.xcassets */,
				19BC55312EAD3AC20000CBC1 /* FaceApp.entitlements */,
				19BC55322EAD3AC20000CBC1 /* Preview Content */,
			);
			path = FaceApp;
			sourceTree = "<group>";
		};
		19BC55322EAD3AC20000CBC1 /* Preview Content */ = {
			isa = PBXGroup;
			children = (
				19BC55332EAD3AC20000CBC1 /* Preview Assets.xcassets */,
			);
			path = "Preview Content";
			sourceTree = "<group>";
		};
/* End PBXGroup section */

/* Begin PBXNativeTarget section */
		19BC55272EAD3ABD0000CBC1 /* FaceApp */ = {
			isa = PBXNativeTarget;
			buildConfigurationList = 19BC55372EAD3AC20000CBC1 /* Build configuration list for PBXNativeTarget "FaceApp" */;
			buildPhases = (
				19BC55242EAD3ABD0000CBC1 /* Sources */,
				19BC55252EAD3ABD0000CBC1 /* Frameworks */,
				19BC55262EAD3ABD0000CBC1 /* Resources */,
			);
			buildRules = (
			);
			dependencies = (
			);
			name = FaceApp;
			productName = FaceApp;
			productReference = 19BC55282EAD3ABD0000CBC1 /* FaceApp.app */;
			productType = "com.apple.product-type.application";
		};
/* End PBXNativeTarget section */

/* Begin PBXProject section */
		19BC55202EAD3ABD0000CBC1 /* Project object */ = {
			isa = PBXProject;
			attributes = {
				BuildIndependentTargetsInParallel = 1;
				LastSwiftUpdateCheck = 1520;
				LastUpgradeCheck = 1520;
				TargetAttributes = {
					19BC55272EAD3ABD0000CBC1 = {
						CreatedOnToolsVersion = 15.2;
					};
				};
			};
			buildConfigurationList = 19BC55232EAD3ABD0000CBC1 /* Build configuration list for PBXProject "FaceApp" */;
			compatibilityVersion = "Xcode 14.0";
			developmentRegion = en;
			hasScannedForEncodings = 0;
			knownRegions = (
				en,
				Base,
			);
			mainGroup = 19BC551F2EAD3ABD0000CBC1;
			productRefGroup = 19BC55292EAD3ABD0000CBC1 /* Products */;
			projectDirPath = "";
			projectRoot = "";
			targets = (
				19BC55272EAD3ABD0000CBC1 /* FaceApp */,
			);
		};
/* End PBXProject section */

/* Begin PBXResourcesBuildPhase section */
		19BC55262EAD3ABD0000CBC1 /* Resources */ = {
			isa = PBXResourcesBuildPhase;
			buildActionMask = 2147483647;
			files = (
				19BC55342EAD3AC20000CBC1 /* Preview Assets.xcassets in Resources */,
				19BC55432EAD54350000CBC1 /* .gitignore in Resources */,
				19BC55302EAD3AC20000CBC1 /* Assets.xcassets in Resources */,
			);
			runOnlyForDeploymentPostprocessing = 0;
		};
/* End PBXResourcesBuildPhase section */

/* Begin PBXSourcesBuildPhase section */
		19BC55242EAD3ABD0000CBC1 /* Sources */ = {
			isa = PBXSourcesBuildPhase;
			buildActionMask = 2147483647;
			files = (
				19BC552E2EAD3ABD0000CBC1 /* ContentView.swift in Sources */,
				19BC552C2EAD3ABD0000CBC1 /* FaceAppApp.swift in Sources */,
				19BC553B2EAD43470000CBC1 /* VideoManager.swift in Sources */,
				19BC553D2EAD436D0000CBC1 /* CameraView.swift in Sources */,
				19BC553F2EAD437E0000CBC1 /* GalleryView.swift in Sources */,
				19BC55412EAD438D0000CBC1 /* VideoPlayerView.swift in Sources */,
			);
			runOnlyForDeploymentPostprocessing = 0;
		};
/* End PBXSourcesBuildPhase section */

/* Begin XCBuildConfiguration section */
		19BC55352EAD3AC20000CBC1 /* Debug */ = {
			isa = XCBuildConfiguration;
			buildSettings = {
				ALWAYS_SEARCH_USER_PATHS = NO;
				ASSETCATALOG_COMPILER_GENERATE_SWIFT_ASSET_SYMBOL_EXTENSIONS = YES;
				CLANG_ANALYZER_NONNULL = YES;
				CLANG_ANALYZER_NUMBER_OBJECT_CONVERSION = YES_AGGRESSIVE;
				CLANG_CXX_LANGUAGE_STANDARD = "gnu++20";
				CLANG_ENABLE_MODULES = YES;
				CLANG_ENABLE_OBJC_ARC = YES;
				CLANG_ENABLE_OBJC_WEAK = YES;
				CLANG_WARN_BLOCK_CAPTURE_AUTORELEASING = YES;
				CLANG_WARN_BOOL_CONVERSION = YES;
				CLANG_WARN_COMMA = YES;
				CLANG_WARN_CONSTANT_CONVERSION = YES;
				CLANG_WARN_DEPRECATED_OBJC_IMPLEMENTATIONS = YES;
				CLANG_WARN_DIRECT_OBJC_ISA_USAGE = YES_ERROR;
				CLANG_WARN_DOCUMENTATION_COMMENTS = YES;
				CLANG_WARN_EMPTY_BODY = YES;
				CLANG_WARN_ENUM_CONVERSION = YES;
				CLANG_WARN_INFINITE_RECURSION = YES;
				CLANG_WARN_INT_CONVERSION = YES;
				CLANG_WARN_NON_LITERAL_NULL_CONVERSION = YES;
				CLANG_WARN_OBJC_IMPLICIT_RETAIN_SELF = YES;
				CLANG_WARN_OBJC_LITERAL_CONVERSION = YES;
				CLANG_WARN_OBJC_ROOT_CLASS = YES_ERROR;
				CLANG_WARN_QUOTED_INCLUDE_IN_FRAMEWORK_HEADER = YES;
				CLANG_WARN_RANGE_LOOP_ANALYSIS = YES;
				CLANG_WARN_STRICT_PROTOTYPES = YES;
				CLANG_WARN_SUSPICIOUS_MOVE = YES;
				CLANG_WARN_UNGUARDED_AVAILABILITY = YES_AGGRESSIVE;
				CLANG_WARN_UNREACHABLE_CODE = YES;
				CLANG_WARN__DUPLICATE_METHOD_MATCH = YES;
				COPY_PHASE_STRIP = NO;
				DEBUG_INFORMATION_FORMAT = dwarf;
				ENABLE_STRICT_OBJC_MSGSEND = YES;
				ENABLE_TESTABILITY = YES;
				ENABLE_USER_SCRIPT_SANDBOXING = YES;
				GCC_C_LANGUAGE_STANDARD = gnu17;
				GCC_DYNAMIC_NO_PIC = NO;
				GCC_NO_COMMON_BLOCKS = YES;
				GCC_OPTIMIZATION_LEVEL = 0;
				GCC_PREPROCESSOR_DEFINITIONS = (
					"DEBUG=1",
					"$(inherited)",
				);
				GCC_WARN_64_TO_32_BIT_CONVERSION = YES;
				GCC_WARN_ABOUT_RETURN_TYPE = YES_ERROR;
				GCC_WARN_UNDECLARED_SELECTOR = YES;
				GCC_WARN_UNINITIALIZED_AUTOS = YES_AGGRESSIVE;
				GCC_WARN_UNUSED_FUNCTION = YES;
				GCC_WARN_UNUSED_VARIABLE = YES;
				LOCALIZATION_PREFERS_STRING_CATALOGS = YES;
				MTL_ENABLE_DEBUG_INFO = INCLUDE_SOURCE;
				MTL_FAST_MATH = YES;
				ONLY_ACTIVE_ARCH = YES;
				SWIFT_ACTIVE_COMPILATION_CONDITIONS = "DEBUG $(inherited)";
				SWIFT_OPTIMIZATION_LEVEL = "-Onone";
			};
			name = Debug;
		};
		19BC55362EAD3AC20000CBC1 /* Release */ = {
			isa = XCBuildConfiguration;
			buildSettings = {
				ALWAYS_SEARCH_USER_PATHS = NO;
				ASSETCATALOG_COMPILER_GENERATE_SWIFT_ASSET_SYMBOL_EXTENSIONS = YES;
				CLANG_ANALYZER_NONNULL = YES;
				CLANG_ANALYZER_NUMBER_OBJECT_CONVERSION = YES_AGGRESSIVE;
				CLANG_CXX_LANGUAGE_STANDARD = "gnu++20";
				CLANG_ENABLE_MODULES = YES;
				CLANG_ENABLE_OBJC_ARC = YES;
				CLANG_ENABLE_OBJC_WEAK = YES;
				CLANG_WARN_BLOCK_CAPTURE_AUTORELEASING = YES;
				CLANG_WARN_BOOL_CONVERSION = YES;
				CLANG_WARN_COMMA = YES;
				CLANG_WARN_CONSTANT_CONVERSION = YES;
				CLANG_WARN_DEPRECATED_OBJC_IMPLEMENTATIONS = YES;
				CLANG_WARN_DIRECT_OBJC_ISA_USAGE = YES_ERROR;
				CLANG_WARN_DOCUMENTATION_COMMENTS = YES;
				CLANG_WARN_EMPTY_BODY = YES;
				CLANG_WARN_ENUM_CONVERSION = YES;
				CLANG_WARN_INFINITE_RECURSION = YES;
				CLANG_WARN_INT_CONVERSION = YES;
				CLANG_WARN_NON_LITERAL_NULL_CONVERSION = YES;
				CLANG_WARN_OBJC_IMPLICIT_RETAIN_SELF = YES;
				CLANG_WARN_OBJC_LITERAL_CONVERSION = YES;
				CLANG_WARN_OBJC_ROOT_CLASS = YES_ERROR;
				CLANG_WARN_QUOTED_INCLUDE_IN_FRAMEWORK_HEADER = YES;
				CLANG_WARN_RANGE_LOOP_ANALYSIS = YES;
				CLANG_WARN_STRICT_PROTOTYPES = YES;
				CLANG_WARN_SUSPICIOUS_MOVE = YES;
				CLANG_WARN_UNGUARDED_AVAILABILITY = YES_AGGRESSIVE;
				CLANG_WARN_UNREACHABLE_CODE = YES;
				CLANG_WARN__DUPLICATE_METHOD_MATCH = YES;
				COPY_PHASE_STRIP = NO;
				DEBUG_INFORMATION_FORMAT = "dwarf-with-dsym";
				ENABLE_NS_ASSERTIONS = NO;
				ENABLE_STRICT_OBJC_MSGSEND = YES;
				ENABLE_USER_SCRIPT_SANDBOXING = YES;
				GCC_C_LANGUAGE_STANDARD = gnu17;
				GCC_NO_COMMON_BLOCKS = YES;
				GCC_WARN_64_TO_32_BIT_CONVERSION = YES;
				GCC_WARN_ABOUT_RETURN_TYPE = YES_ERROR;
				GCC_WARN_UNDECLARED_SELECTOR = YES;
				GCC_WARN_UNINITIALIZED_AUTOS = YES_AGGRESSIVE;
				GCC_WARN_UNUSED_FUNCTION = YES;
				GCC_WARN_UNUSED_VARIABLE = YES;
				LOCALIZATION_PREFERS_STRING_CATALOGS = YES;
				MTL_ENABLE_DEBUG_INFO = NO;
				MTL_FAST_MATH = YES;
				SWIFT_COMPILATION_MODE = wholemodule;
			};
			name = Release;
		};
		19BC55382EAD3AC20000CBC1 /* Debug */ = {
			isa = XCBuildConfiguration;
			buildSettings = {
				ASSETCATALOG_COMPILER_APPICON_NAME = AppIcon;
				ASSETCATALOG_COMPILER_GLOBAL_ACCENT_COLOR_NAME = AccentColor;
				CODE_SIGN_ENTITLEMENTS = FaceApp/FaceApp.entitlements;
				CODE_SIGN_STYLE = Automatic;
				CURRENT_PROJECT_VERSION = 1;
				DEVELOPMENT_ASSET_PATHS = "\"FaceApp/Preview Content\"";
				DEVELOPMENT_TEAM = 9AUBMK97R5;
				ENABLE_PREVIEWS = YES;
				GENERATE_INFOPLIST_FILE = YES;
				INFOPLIST_KEY_CFBundleDisplayName = MyVideoDiary;
				INFOPLIST_KEY_NSCameraUsageDescription = "We need camera access to record your diary videos.";
				INFOPLIST_KEY_NSMicrophoneUsageDescription = "We need microphone access to record audio with your videos.";
				INFOPLIST_KEY_NSPhotoLibraryAddUsageDescription = "We need photo library access to save your videos.";
				"INFOPLIST_KEY_UIApplicationSceneManifest_Generation[sdk=iphoneos*]" = YES;
				"INFOPLIST_KEY_UIApplicationSceneManifest_Generation[sdk=iphonesimulator*]" = YES;
				"INFOPLIST_KEY_UIApplicationSupportsIndirectInputEvents[sdk=iphoneos*]" = YES;
				"INFOPLIST_KEY_UIApplicationSupportsIndirectInputEvents[sdk=iphonesimulator*]" = YES;
				"INFOPLIST_KEY_UILaunchScreen_Generation[sdk=iphoneos*]" = YES;
				"INFOPLIST_KEY_UILaunchScreen_Generation[sdk=iphonesimulator*]" = YES;
				"INFOPLIST_KEY_UIStatusBarStyle[sdk=iphoneos*]" = UIStatusBarStyleDefault;
				"INFOPLIST_KEY_UIStatusBarStyle[sdk=iphonesimulator*]" = UIStatusBarStyleDefault;
				INFOPLIST_KEY_UISupportedInterfaceOrientations_iPad = "UIInterfaceOrientationPortrait UIInterfaceOrientationPortraitUpsideDown UIInterfaceOrientationLandscapeLeft UIInterfaceOrientationLandscapeRight";
				INFOPLIST_KEY_UISupportedInterfaceOrientations_iPhone = "UIInterfaceOrientationPortrait UIInterfaceOrientationLandscapeLeft UIInterfaceOrientationLandscapeRight";
				IPHONEOS_DEPLOYMENT_TARGET = 17.2;
				LD_RUNPATH_SEARCH_PATHS = "@executable_path/Frameworks";
				"LD_RUNPATH_SEARCH_PATHS[sdk=macosx*]" = "@executable_path/../Frameworks";
				MACOSX_DEPLOYMENT_TARGET = 13.7;
				MARKETING_VERSION = 1.0;
				PRODUCT_BUNDLE_IDENTIFIER = orangedoh.FaceApp;
				PRODUCT_NAME = "$(TARGET_NAME)";
				SDKROOT = auto;
				SUPPORTED_PLATFORMS = "iphoneos iphonesimulator";
				SUPPORTS_MACCATALYST = NO;
				SWIFT_EMIT_LOC_STRINGS = YES;
				SWIFT_VERSION = 5.0;
				TARGETED_DEVICE_FAMILY = "1,2";
			};
			name = Debug;
		};
		19BC55392EAD3AC20000CBC1 /* Release */ = {
			isa = XCBuildConfiguration;
			buildSettings = {
				ASSETCATALOG_COMPILER_APPICON_NAME = AppIcon;
				ASSETCATALOG_COMPILER_GLOBAL_ACCENT_COLOR_NAME = AccentColor;
				CODE_SIGN_ENTITLEMENTS = FaceApp/FaceApp.entitlements;
				CODE_SIGN_STYLE = Automatic;
				CURRENT_PROJECT_VERSION = 1;
				DEVELOPMENT_ASSET_PATHS = "\"FaceApp/Preview Content\"";
				DEVELOPMENT_TEAM = 9AUBMK97R5;
				ENABLE_PREVIEWS = YES;
				GENERATE_INFOPLIST_FILE = YES;
				INFOPLIST_KEY_CFBundleDisplayName = MyVideoDiary;
				INFOPLIST_KEY_NSCameraUsageDescription = "We need camera access to record your diary videos.";
				INFOPLIST_KEY_NSMicrophoneUsageDescription = "We need microphone access to record audio with your videos.";
				INFOPLIST_KEY_NSPhotoLibraryAddUsageDescription = "We need photo library access to save your videos.";
				"INFOPLIST_KEY_UIApplicationSceneManifest_Generation[sdk=iphoneos*]" = YES;
				"INFOPLIST_KEY_UIApplicationSceneManifest_Generation[sdk=iphonesimulator*]" = YES;
				"INFOPLIST_KEY_UIApplicationSupportsIndirectInputEvents[sdk=iphoneos*]" = YES;
				"INFOPLIST_KEY_UIApplicationSupportsIndirectInputEvents[sdk=iphonesimulator*]" = YES;
				"INFOPLIST_KEY_UILaunchScreen_Generation[sdk=iphoneos*]" = YES;
				"INFOPLIST_KEY_UILaunchScreen_Generation[sdk=iphonesimulator*]" = YES;
				"INFOPLIST_KEY_UIStatusBarStyle[sdk=iphoneos*]" = UIStatusBarStyleDefault;
				"INFOPLIST_KEY_UIStatusBarStyle[sdk=iphonesimulator*]" = UIStatusBarStyleDefault;
				INFOPLIST_KEY_UISupportedInterfaceOrientations_iPad = "UIInterfaceOrientationPortrait UIInterfaceOrientationPortraitUpsideDown UIInterfaceOrientationLandscapeLeft UIInterfaceOrientationLandscapeRight";
				INFOPLIST_KEY_UISupportedInterfaceOrientations_iPhone = "UIInterfaceOrientationPortrait UIInterfaceOrientationLandscapeLeft UIInterfaceOrientationLandscapeRight";
				IPHONEOS_DEPLOYMENT_TARGET = 17.2;
				LD_RUNPATH_SEARCH_PATHS = "@executable_path/Frameworks";
				"LD_RUNPATH_SEARCH_PATHS[sdk=macosx*]" = "@executable_path/../Frameworks";
				MACOSX_DEPLOYMENT_TARGET = 13.7;
				MARKETING_VERSION = 1.0;
				PRODUCT_BUNDLE_IDENTIFIER = orangedoh.FaceApp;
				PRODUCT_NAME = "$(TARGET_NAME)";
				SDKROOT = auto;
				SUPPORTED_PLATFORMS = "iphoneos iphonesimulator";
				SUPPORTS_MACCATALYST = NO;
				SWIFT_EMIT_LOC_STRINGS = YES;
				SWIFT_VERSION = 5.0;
				TARGETED_DEVICE_FAMILY = "1,2";
			};
			name = Release;
		};
/* End XCBuildConfiguration section */

/* Begin XCConfigurationList section */
		19BC55232EAD3ABD0000CBC1 /* Build configuration list for PBXProject "FaceApp" */ = {
			isa = XCConfigurationList;
			buildConfigurations = (
				19BC55352EAD3AC20000CBC1 /* Debug */,
				19BC55362EAD3AC20000CBC1 /* Release */,
			);
			defaultConfigurationIsVisible = 0;
			defaultConfigurationName = Release;
		};
		19BC55372EAD3AC20000CBC1 /* Build configuration list for PBXNativeTarget "FaceApp" */ = {
			isa = XCConfigurationList;
			buildConfigurations = (
				19BC55382EAD3AC20000CBC1 /* Debug */,
				19BC55392EAD3AC20000CBC1 /* Release */,
			);
			defaultConfigurationIsVisible = 0;
			defaultConfigurationName = Release;
		};
/* End XCConfigurationList section */
	};
	rootObject = 19BC55202EAD3ABD0000CBC1 /* Project object */;
}
